
Microsoft Visual Studio Solution File, Format Version 12.00
# Visual Studio 2012
Project("{FAE04EC0-301F-11D3-BF4B-00C04F79EFBC}") = "TomKlonowski.Api.Website", "TomKlonowski.Api\TomKlonowski.Api.Website.csproj", "{6D84DACD-DCAE-4935-99F5-4A933EAFA78F}"
EndProject
Project("{FAE04EC0-301F-11D3-BF4B-00C04F79EFBC}") = "TomKlonowski.Api.Model", "TomKlonowski.Api.Models\TomKlonowski.Api.Model.csproj", "{D3FFF692-9F69-4E34-8476-ABB7DB2EF837}"
EndProject
Project("{FAE04EC0-301F-11D3-BF4B-00C04F79EFBC}") = "TomKlonowski.DB", "TomKlonowski.DB\TomKlonowski.DB.csproj", "{EA01D703-A1BC-40B3-9028-307E666C9942}"
EndProject
Project("{FAE04EC0-301F-11D3-BF4B-00C04F79EFBC}") = "TomKlonowski.Model", "TomKlonowski.Models\TomKlonowski.Model.csproj", "{B2860B83-155D-4584-962F-BA1AFB525756}"
EndProject
Project("{FAE04EC0-301F-11D3-BF4B-00C04F79EFBC}") = "TomKlonowski.Website", "TomKlonowski.Website\TomKlonowski.Website.csproj", "{D12DA7AC-0318-4363-9744-AFE27867AF1B}"
EndProject
Project("{FAE04EC0-301F-11D3-BF4B-00C04F79EFBC}") = "TomKlonowski.Test", "TomKlonowski.Test\TomKlonowski.Test.csproj", "{72271987-F33E-43E5-89F5-2E36432D1B12}"
EndProject
Project("{FAE04EC0-301F-11D3-BF4B-00C04F79EFBC}") = "TomKlonowski.Api.Business", "TomKlonowski.Api.Business\TomKlonowski.Api.Business.csproj", "{B939D833-AF69-4627-8B31-118A3544A756}"
EndProject
Project("{FAE04EC0-301F-11D3-BF4B-00C04F79EFBC}") = "TomKlonowski.Api.Data", "TomKlonowski.Api.Data\TomKlonowski.Api.Data.csproj", "{32F0D07F-AB27-4AE9-8038-54EFBF6682E2}"
EndProject
Project("{FAE04EC0-301F-11D3-BF4B-00C04F79EFBC}") = "TomKlonowski.Data", "TomKlonowski.Data\TomKlonowski.Data.csproj", "{819E5BCB-1669-4819-9E49-030BDAEDA25F}"
EndProject
Project("{FAE04EC0-301F-11D3-BF4B-00C04F79EFBC}") = "TomKlonowski.Business", "TomKlonowski.Business\TomKlonowski.Business.csproj", "{5839D888-3123-47F4-8781-3E09D90008C7}"
EndProject
Project("{FAE04EC0-301F-11D3-BF4B-00C04F79EFBC}") = "TomKlonowski.Api.Test", "TomKlonowski.Api.Test\TomKlonowski.Api.Test.csproj", "{54B105EA-4B58-4A1A-809D-5CD2EFD5463C}"
EndProject
Global
	GlobalSection(SolutionConfigurationPlatforms) = preSolution
		Debug|Any CPU = Debug|Any CPU
		Release|Any CPU = Release|Any CPU
	EndGlobalSection
	GlobalSection(ProjectConfigurationPlatforms) = postSolution
		{6D84DACD-DCAE-4935-99F5-4A933EAFA78F}.Debug|Any CPU.ActiveCfg = Debug|Any CPU
		{6D84DACD-DCAE-4935-99F5-4A933EAFA78F}.Debug|Any CPU.Build.0 = Debug|Any CPU
		{6D84DACD-DCAE-4935-99F5-4A933EAFA78F}.Release|Any CPU.ActiveCfg = Release|Any CPU
		{6D84DACD-DCAE-4935-99F5-4A933EAFA78F}.Release|Any CPU.Build.0 = Release|Any CPU
		{D3FFF692-9F69-4E34-8476-ABB7DB2EF837}.Debug|Any CPU.ActiveCfg = Debug|Any CPU
		{D3FFF692-9F69-4E34-8476-ABB7DB2EF837}.Debug|Any CPU.Build.0 = Debug|Any CPU
		{D3FFF692-9F69-4E34-8476-ABB7DB2EF837}.Release|Any CPU.ActiveCfg = Release|Any CPU
		{D3FFF692-9F69-4E34-8476-ABB7DB2EF837}.Release|Any CPU.Build.0 = Release|Any CPU
		{EA01D703-A1BC-40B3-9028-307E666C9942}.Debug|Any CPU.ActiveCfg = Debug|Any CPU
		{EA01D703-A1BC-40B3-9028-307E666C9942}.Debug|Any CPU.Build.0 = Debug|Any CPU
		{EA01D703-A1BC-40B3-9028-307E666C9942}.Release|Any CPU.ActiveCfg = Release|Any CPU
		{EA01D703-A1BC-40B3-9028-307E666C9942}.Release|Any CPU.Build.0 = Release|Any CPU
		{B2860B83-155D-4584-962F-BA1AFB525756}.Debug|Any CPU.ActiveCfg = Debug|Any CPU
		{B2860B83-155D-4584-962F-BA1AFB525756}.Debug|Any CPU.Build.0 = Debug|Any CPU
		{B2860B83-155D-4584-962F-BA1AFB525756}.Release|Any CPU.ActiveCfg = Release|Any CPU
		{B2860B83-155D-4584-962F-BA1AFB525756}.Release|Any CPU.Build.0 = Release|Any CPU
		{D12DA7AC-0318-4363-9744-AFE27867AF1B}.Debug|Any CPU.ActiveCfg = Debug|Any CPU
		{D12DA7AC-0318-4363-9744-AFE27867AF1B}.Debug|Any CPU.Build.0 = Debug|Any CPU
		{D12DA7AC-0318-4363-9744-AFE27867AF1B}.Release|Any CPU.ActiveCfg = Release|Any CPU
		{D12DA7AC-0318-4363-9744-AFE27867AF1B}.Release|Any CPU.Build.0 = Release|Any CPU
		{72271987-F33E-43E5-89F5-2E36432D1B12}.Debug|Any CPU.ActiveCfg = Debug|Any CPU
		{72271987-F33E-43E5-89F5-2E36432D1B12}.Debug|Any CPU.Build.0 = Debug|Any CPU
		{72271987-F33E-43E5-89F5-2E36432D1B12}.Release|Any CPU.ActiveCfg = Release|Any CPU
		{72271987-F33E-43E5-89F5-2E36432D1B12}.Release|Any CPU.Build.0 = Release|Any CPU
		{B939D833-AF69-4627-8B31-118A3544A756}.Debug|Any CPU.ActiveCfg = Debug|Any CPU
		{B939D833-AF69-4627-8B31-118A3544A756}.Debug|Any CPU.Build.0 = Debug|Any CPU
		{B939D833-AF69-4627-8B31-118A3544A756}.Release|Any CPU.ActiveCfg = Release|Any CPU
		{B939D833-AF69-4627-8B31-118A3544A756}.Release|Any CPU.Build.0 = Release|Any CPU
		{32F0D07F-AB27-4AE9-8038-54EFBF6682E2}.Debug|Any CPU.ActiveCfg = Debug|Any CPU
		{32F0D07F-AB27-4AE9-8038-54EFBF6682E2}.Debug|Any CPU.Build.0 = Debug|Any CPU
		{32F0D07F-AB27-4AE9-8038-54EFBF6682E2}.Release|Any CPU.ActiveCfg = Release|Any CPU
		{32F0D07F-AB27-4AE9-8038-54EFBF6682E2}.Release|Any CPU.Build.0 = Release|Any CPU
		{819E5BCB-1669-4819-9E49-030BDAEDA25F}.Debug|Any CPU.ActiveCfg = Debug|Any CPU
		{819E5BCB-1669-4819-9E49-030BDAEDA25F}.Debug|Any CPU.Build.0 = Debug|Any CPU
		{819E5BCB-1669-4819-9E49-030BDAEDA25F}.Release|Any CPU.ActiveCfg = Release|Any CPU
		{819E5BCB-1669-4819-9E49-030BDAEDA25F}.Release|Any CPU.Build.0 = Release|Any CPU
		{5839D888-3123-47F4-8781-3E09D90008C7}.Debug|Any CPU.ActiveCfg = Debug|Any CPU
		{5839D888-3123-47F4-8781-3E09D90008C7}.Debug|Any CPU.Build.0 = Debug|Any CPU
		{5839D888-3123-47F4-8781-3E09D90008C7}.Release|Any CPU.ActiveCfg = Release|Any CPU
		{5839D888-3123-47F4-8781-3E09D90008C7}.Release|Any CPU.Build.0 = Release|Any CPU
		{54B105EA-4B58-4A1A-809D-5CD2EFD5463C}.Debug|Any CPU.ActiveCfg = Debug|Any CPU
		{54B105EA-4B58-4A1A-809D-5CD2EFD5463C}.Debug|Any CPU.Build.0 = Debug|Any CPU
		{54B105EA-4B58-4A1A-809D-5CD2EFD5463C}.Release|Any CPU.ActiveCfg = Release|Any CPU
		{54B105EA-4B58-4A1A-809D-5CD2EFD5463C}.Release|Any CPU.Build.0 = Release|Any CPU
	EndGlobalSection
	GlobalSection(SolutionProperties) = preSolution
		HideSolutionNode = FALSE
	EndGlobalSection
EndGlobal
